
Microsoft Visual Studio Solution File, Format Version 12.00
# Visual Studio Version 17
VisualStudioVersion = 17.4.33213.308
MinimumVisualStudioVersion = 10.0.40219.1
Project("{FAE04EC0-301F-11D3-BF4B-00C04F79EFBC}") = "BSTProblem", "BSTProblem\BSTProblem.csproj", "{4C189AD4-7C31-4BF9-9A5F-A1832A9CB02A}"
EndProject
Global
	GlobalSection(SolutionConfigurationPlatforms) = preSolution
		Debug|Any CPU = Debug|Any CPU
		Release|Any CPU = Release|Any CPU
	EndGlobalSection
	GlobalSection(ProjectConfigurationPlatforms) = postSolution
		{4C189AD4-7C31-4BF9-9A5F-A1832A9CB02A}.Debug|Any CPU.ActiveCfg = Debug|Any CPU
		{4C189AD4-7C31-4BF9-9A5F-A1832A9CB02A}.Debug|Any CPU.Build.0 = Debug|Any CPU
		{4C189AD4-7C31-4BF9-9A5F-A1832A9CB02A}.Release|Any CPU.ActiveCfg = Release|Any CPU
		{4C189AD4-7C31-4BF9-9A5F-A1832A9CB02A}.Release|Any CPU.Build.0 = Release|Any CPU
	EndGlobalSection
	GlobalSection(SolutionProperties) = preSolution
		HideSolutionNode = FALSE
	EndGlobalSection
	GlobalSection(ExtensibilityGlobals) = postSolution
		SolutionGuid = {1C2E866B-4103-412F-9C08-28DCEC0FB6F5}
	EndGlobalSection
EndGlobal
